
Microsoft Visual Studio Solution File, Format Version 12.00
# Visual Studio Version 16
VisualStudioVersion = 16.0.30309.148
MinimumVisualStudioVersion = 10.0.40219.1
Project("{FAE04EC0-301F-11D3-BF4B-00C04F79EFBC}") = "MDCT", "MDCT\MDCT.csproj", "{6FCCC00C-C348-4442-AEA1-F277D1BED23B}"
EndProject
Global
	GlobalSection(SolutionConfigurationPlatforms) = preSolution
		Debug|Any CPU = Debug|Any CPU
		Release|Any CPU = Release|Any CPU
	EndGlobalSection
	GlobalSection(ProjectConfigurationPlatforms) = postSolution
		{6FCCC00C-C348-4442-AEA1-F277D1BED23B}.Debug|Any CPU.ActiveCfg = Debug|Any CPU
		{6FCCC00C-C348-4442-AEA1-F277D1BED23B}.Debug|Any CPU.Build.0 = Debug|Any CPU
		{6FCCC00C-C348-4442-AEA1-F277D1BED23B}.Release|Any CPU.ActiveCfg = Release|Any CPU
		{6FCCC00C-C348-4442-AEA1-F277D1BED23B}.Release|Any CPU.Build.0 = Release|Any CPU
	EndGlobalSection
	GlobalSection(SolutionProperties) = preSolution
		HideSolutionNode = FALSE
	EndGlobalSection
	GlobalSection(ExtensibilityGlobals) = postSolution
		SolutionGuid = {C3996DEE-2ECD-4DAF-87DF-D5CD47AAF25A}
	EndGlobalSection
EndGlobal
